
Microsoft Visual Studio Solution File, Format Version 12.00
# Visual Studio Version 16
VisualStudioVersion = 16.0.31025.194
MinimumVisualStudioVersion = 10.0.40219.1
Project("{9A19103F-16F7-4668-BE54-9A1E7A4F7556}") = "WebTutorial", "WebTutorial\WebTutorial.csproj", "{6B12C973-D0DB-4348-B9CE-751206D7B31E}"
EndProject
Global
	GlobalSection(SolutionConfigurationPlatforms) = preSolution
		Debug|Any CPU = Debug|Any CPU
		Release|Any CPU = Release|Any CPU
	EndGlobalSection
	GlobalSection(ProjectConfigurationPlatforms) = postSolution
		{6B12C973-D0DB-4348-B9CE-751206D7B31E}.Debug|Any CPU.ActiveCfg = Debug|Any CPU
		{6B12C973-D0DB-4348-B9CE-751206D7B31E}.Debug|Any CPU.Build.0 = Debug|Any CPU
		{6B12C973-D0DB-4348-B9CE-751206D7B31E}.Release|Any CPU.ActiveCfg = Release|Any CPU
		{6B12C973-D0DB-4348-B9CE-751206D7B31E}.Release|Any CPU.Build.0 = Release|Any CPU
	EndGlobalSection
	GlobalSection(SolutionProperties) = preSolution
		HideSolutionNode = FALSE
	EndGlobalSection
	GlobalSection(ExtensibilityGlobals) = postSolution
		SolutionGuid = {367D057B-CD49-48D5-B8BC-9652E071FE30}
	EndGlobalSection
EndGlobal
